
Microsoft Visual Studio Solution File, Format Version 12.00
# Visual Studio 15
VisualStudioVersion = 15.0.28010.2016
MinimumVisualStudioVersion = 10.0.40219.1
Project("{FAE04EC0-301F-11D3-BF4B-00C04F79EFBC}") = "CatMashWeb", "CatMashWeb\CatMashWeb.csproj", "{01C2D88E-B941-4FF0-AF04-DA7F6C669AA5}"
EndProject
Global
	GlobalSection(SolutionConfigurationPlatforms) = preSolution
		Debug|Any CPU = Debug|Any CPU
		Release|Any CPU = Release|Any CPU
	EndGlobalSection
	GlobalSection(ProjectConfigurationPlatforms) = postSolution
		{01C2D88E-B941-4FF0-AF04-DA7F6C669AA5}.Debug|Any CPU.ActiveCfg = Debug|Any CPU
		{01C2D88E-B941-4FF0-AF04-DA7F6C669AA5}.Debug|Any CPU.Build.0 = Debug|Any CPU
		{01C2D88E-B941-4FF0-AF04-DA7F6C669AA5}.Release|Any CPU.ActiveCfg = Release|Any CPU
		{01C2D88E-B941-4FF0-AF04-DA7F6C669AA5}.Release|Any CPU.Build.0 = Release|Any CPU
	EndGlobalSection
	GlobalSection(SolutionProperties) = preSolution
		HideSolutionNode = FALSE
	EndGlobalSection
	GlobalSection(ExtensibilityGlobals) = postSolution
		SolutionGuid = {DA91474F-29DE-4191-9383-892D00993A7B}
	EndGlobalSection
EndGlobal
